
Microsoft Visual Studio Solution File, Format Version 12.00
# Visual Studio Version 17
VisualStudioVersion = 17.4.33213.308
MinimumVisualStudioVersion = 10.0.40219.1
Project("{FAE04EC0-301F-11D3-BF4B-00C04F79EFBC}") = "TemplateExample.PhotomaticUI", "TemplateExample.PhotomaticUI\TemplateExample.PhotomaticUI.csproj", "{B50D6002-A7C9-4071-BD4A-0918D2C9D7FC}"
EndProject
Project("{FAE04EC0-301F-11D3-BF4B-00C04F79EFBC}") = "TemplateExample.Task2", "TemplateExample.Task2\TemplateExample.Task2.csproj", "{C4951614-8412-41F2-A3CA-ED7E6842F75A}"
EndProject
Project("{FAE04EC0-301F-11D3-BF4B-00C04F79EFBC}") = "TemplateExample.Task2.Entity", "TemplateExample.Task2.Entity\TemplateExample.Task2.Entity.csproj", "{1787727C-A753-4653-AB42-CEEAE8559186}"
EndProject
Project("{FAE04EC0-301F-11D3-BF4B-00C04F79EFBC}") = "TemplateExample.Task2.DAL", "TemplateExample.Task2.DAL\TemplateExample.Task2.DAL.csproj", "{E98D4C3E-16F9-4325-A166-B3204C4A1519}"
EndProject
Global
	GlobalSection(SolutionConfigurationPlatforms) = preSolution
		Debug|Any CPU = Debug|Any CPU
		Release|Any CPU = Release|Any CPU
	EndGlobalSection
	GlobalSection(ProjectConfigurationPlatforms) = postSolution
		{B50D6002-A7C9-4071-BD4A-0918D2C9D7FC}.Debug|Any CPU.ActiveCfg = Debug|Any CPU
		{B50D6002-A7C9-4071-BD4A-0918D2C9D7FC}.Debug|Any CPU.Build.0 = Debug|Any CPU
		{B50D6002-A7C9-4071-BD4A-0918D2C9D7FC}.Release|Any CPU.ActiveCfg = Release|Any CPU
		{B50D6002-A7C9-4071-BD4A-0918D2C9D7FC}.Release|Any CPU.Build.0 = Release|Any CPU
		{C4951614-8412-41F2-A3CA-ED7E6842F75A}.Debug|Any CPU.ActiveCfg = Debug|Any CPU
		{C4951614-8412-41F2-A3CA-ED7E6842F75A}.Debug|Any CPU.Build.0 = Debug|Any CPU
		{C4951614-8412-41F2-A3CA-ED7E6842F75A}.Release|Any CPU.ActiveCfg = Release|Any CPU
		{C4951614-8412-41F2-A3CA-ED7E6842F75A}.Release|Any CPU.Build.0 = Release|Any CPU
		{1787727C-A753-4653-AB42-CEEAE8559186}.Debug|Any CPU.ActiveCfg = Debug|Any CPU
		{1787727C-A753-4653-AB42-CEEAE8559186}.Debug|Any CPU.Build.0 = Debug|Any CPU
		{1787727C-A753-4653-AB42-CEEAE8559186}.Release|Any CPU.ActiveCfg = Release|Any CPU
		{1787727C-A753-4653-AB42-CEEAE8559186}.Release|Any CPU.Build.0 = Release|Any CPU
		{E98D4C3E-16F9-4325-A166-B3204C4A1519}.Debug|Any CPU.ActiveCfg = Debug|Any CPU
		{E98D4C3E-16F9-4325-A166-B3204C4A1519}.Debug|Any CPU.Build.0 = Debug|Any CPU
		{E98D4C3E-16F9-4325-A166-B3204C4A1519}.Release|Any CPU.ActiveCfg = Release|Any CPU
		{E98D4C3E-16F9-4325-A166-B3204C4A1519}.Release|Any CPU.Build.0 = Release|Any CPU
	EndGlobalSection
	GlobalSection(SolutionProperties) = preSolution
		HideSolutionNode = FALSE
	EndGlobalSection
	GlobalSection(ExtensibilityGlobals) = postSolution
		SolutionGuid = {803179B5-919D-4513-B23F-B01069019CCD}
	EndGlobalSection
EndGlobal
